
Microsoft Visual Studio Solution File, Format Version 11.00
# Visual Studio 2010
Project("{F184B08F-C81C-45F6-A57F-5ABD9991F28F}") = "PasswordGenerator.NET", "PasswordGenerator.NET\PasswordGenerator.NET.vbproj", "{6F6D87FA-B0CE-43DB-93D9-A379CC253FAD}"
EndProject
Global
	GlobalSection(SolutionConfigurationPlatforms) = preSolution
		Debug|Any CPU = Debug|Any CPU
		Release|Any CPU = Release|Any CPU
	EndGlobalSection
	GlobalSection(ProjectConfigurationPlatforms) = postSolution
		{6F6D87FA-B0CE-43DB-93D9-A379CC253FAD}.Debug|Any CPU.ActiveCfg = Debug|Any CPU
		{6F6D87FA-B0CE-43DB-93D9-A379CC253FAD}.Debug|Any CPU.Build.0 = Debug|Any CPU
		{6F6D87FA-B0CE-43DB-93D9-A379CC253FAD}.Release|Any CPU.ActiveCfg = Release|Any CPU
		{6F6D87FA-B0CE-43DB-93D9-A379CC253FAD}.Release|Any CPU.Build.0 = Release|Any CPU
	EndGlobalSection
	GlobalSection(SolutionProperties) = preSolution
		HideSolutionNode = FALSE
	EndGlobalSection
EndGlobal
